# This file is automatically @generated by Cargo.
# It is not intended for manual editing.
version = 4

[[package]]
name = "jaytripper_app"
version = "0.1.0"

[[package]]
name = "jaytripper_core"
version = "0.1.0"

[[package]]
name = "jaytripper_esi"
version = "0.1.0"

[[package]]
name = "jaytripper_render"
version = "0.1.0"

[[package]]
name = "jaytripper_store"
version = "0.1.0"

[[package]]
name = "jaytripper_tui"
version = "0.1.0"

[[package]]
name = "jaytripper_ui"
version = "0.1.0"
